# Auto-generated by dotagents. Do not edit.
version = 1

[skills.dotagents]
source = "getsentry/dotagents"
resolved_url = "https://github.com/getsentry/dotagents"
resolved_path = "skills/dotagents"
resolved_commit = "561e826a47909291d46a125732e59d5ff8c7de40"

[skills.gh-stack]
source = "github/gh-stack"
resolved_url = "https://github.com/github/gh-stack"
resolved_path = "skills/gh-stack"
resolved_commit = "2bd699a544a09cb5c45a013d03416e0894b0454e"

[skills.gog]
source = "openclaw/gogcli"
resolved_url = "https://github.com/openclaw/gogcli"
resolved_path = ".agents/skills/gog"
resolved_commit = "469b823aead21279167577bf840f8084120ae274"

[skills.gog-docs]
source = "openclaw/gogcli"
resolved_url = "https://github.com/openclaw/gogcli"
resolved_path = ".agents/skills/gog-docs"
resolved_commit = "469b823aead21279167577bf840f8084120ae274"

[skills.gog-drive]
source = "openclaw/gogcli"
resolved_url = "https://github.com/openclaw/gogcli"
resolved_path = ".agents/skills/gog-drive"
resolved_commit = "469b823aead21279167577bf840f8084120ae274"

[skills.gog-sheets]
source = "openclaw/gogcli"
resolved_url = "https://github.com/openclaw/gogcli"
resolved_path = ".agents/skills/gog-sheets"
resolved_commit = "469b823aead21279167577bf840f8084120ae274"
