# Auto-generated by dotagents. Do not edit.
version = 1

[skills.dotagents]
source = "getsentry/dotagents"
resolved_url = "https://github.com/getsentry/dotagents"
resolved_path = "skills/dotagents"
resolved_commit = "b0027e21f13154c2036f4e62cdcce3ce769e01e6"

[skills.gh-stack]
source = "github/gh-stack"
resolved_url = "https://github.com/github/gh-stack"
resolved_path = "skills/gh-stack"
resolved_commit = "ab00aa4a3f2dddc51aa65849c68b391a1b079311"

[skills.gog]
source = "openclaw/gogcli"
resolved_url = "https://github.com/openclaw/gogcli"
resolved_path = ".agents/skills/gog"
resolved_commit = "eb85a99366eb2ad042cc3e9d0141fafa7c452d14"

[skills.gog-docs]
source = "openclaw/gogcli"
resolved_url = "https://github.com/openclaw/gogcli"
resolved_path = ".agents/skills/gog-docs"
resolved_commit = "eb85a99366eb2ad042cc3e9d0141fafa7c452d14"

[skills.gog-drive]
source = "openclaw/gogcli"
resolved_url = "https://github.com/openclaw/gogcli"
resolved_path = ".agents/skills/gog-drive"
resolved_commit = "eb85a99366eb2ad042cc3e9d0141fafa7c452d14"

[skills.gog-sheets]
source = "openclaw/gogcli"
resolved_url = "https://github.com/openclaw/gogcli"
resolved_path = ".agents/skills/gog-sheets"
resolved_commit = "eb85a99366eb2ad042cc3e9d0141fafa7c452d14"
