# Auto-generated by dotagents. Do not edit.
version = 1

[skills.dotagents]
source = "getsentry/dotagents"
resolved_url = "https://github.com/getsentry/dotagents"
resolved_path = "skills/dotagents"
resolved_commit = "58faa853e1a62a2d1a0d9a595cc8c37b9c9e8d94"

[skills.gh-stack]
source = "github/gh-stack"
resolved_url = "https://github.com/github/gh-stack"
resolved_path = "skills/gh-stack"
resolved_commit = "14fc42ed9b6c376a53b2f999f138d3bd26dac546"

[skills.gog]
source = "openclaw/gogcli"
resolved_url = "https://github.com/openclaw/gogcli"
resolved_path = ".agents/skills/gog"
resolved_commit = "7175a08f8c9f4832a1d4880a5e75659267b40e45"

[skills.gog-docs]
source = "openclaw/gogcli"
resolved_url = "https://github.com/openclaw/gogcli"
resolved_path = ".agents/skills/gog-docs"
resolved_commit = "7175a08f8c9f4832a1d4880a5e75659267b40e45"

[skills.gog-drive]
source = "openclaw/gogcli"
resolved_url = "https://github.com/openclaw/gogcli"
resolved_path = ".agents/skills/gog-drive"
resolved_commit = "7175a08f8c9f4832a1d4880a5e75659267b40e45"

[skills.gog-sheets]
source = "openclaw/gogcli"
resolved_url = "https://github.com/openclaw/gogcli"
resolved_path = ".agents/skills/gog-sheets"
resolved_commit = "7175a08f8c9f4832a1d4880a5e75659267b40e45"
